
Microsoft Visual Studio Solution File, Format Version 12.00
# Visual Studio Version 17
VisualStudioVersion = 17.4.33213.308
MinimumVisualStudioVersion = 10.0.40219.1
Project("{FAE04EC0-301F-11D3-BF4B-00C04F79EFBC}") = "Admin.App", "src\Admin.App\Admin.App.csproj", "{C2DA79E7-7A87-4F77-AA33-DF922E741264}"
EndProject
Project("{FAE04EC0-301F-11D3-BF4B-00C04F79EFBC}") = "Admin.Business", "src\Admin.Business\Admin.Business.csproj", "{12E4778B-040A-463F-A7A9-9CF4C5FAD859}"
EndProject
Project("{FAE04EC0-301F-11D3-BF4B-00C04F79EFBC}") = "Admin.Data", "src\Admin.Data\Admin.Data.csproj", "{79249C74-9ADF-4EBF-9E7F-AA60E75D839B}"
EndProject
Global
	GlobalSection(SolutionConfigurationPlatforms) = preSolution
		Debug|Any CPU = Debug|Any CPU
		Release|Any CPU = Release|Any CPU
	EndGlobalSection
	GlobalSection(ProjectConfigurationPlatforms) = postSolution
		{C2DA79E7-7A87-4F77-AA33-DF922E741264}.Debug|Any CPU.ActiveCfg = Debug|Any CPU
		{C2DA79E7-7A87-4F77-AA33-DF922E741264}.Debug|Any CPU.Build.0 = Debug|Any CPU
		{C2DA79E7-7A87-4F77-AA33-DF922E741264}.Release|Any CPU.ActiveCfg = Release|Any CPU
		{C2DA79E7-7A87-4F77-AA33-DF922E741264}.Release|Any CPU.Build.0 = Release|Any CPU
		{12E4778B-040A-463F-A7A9-9CF4C5FAD859}.Debug|Any CPU.ActiveCfg = Debug|Any CPU
		{12E4778B-040A-463F-A7A9-9CF4C5FAD859}.Debug|Any CPU.Build.0 = Debug|Any CPU
		{12E4778B-040A-463F-A7A9-9CF4C5FAD859}.Release|Any CPU.ActiveCfg = Release|Any CPU
		{12E4778B-040A-463F-A7A9-9CF4C5FAD859}.Release|Any CPU.Build.0 = Release|Any CPU
		{79249C74-9ADF-4EBF-9E7F-AA60E75D839B}.Debug|Any CPU.ActiveCfg = Debug|Any CPU
		{79249C74-9ADF-4EBF-9E7F-AA60E75D839B}.Debug|Any CPU.Build.0 = Debug|Any CPU
		{79249C74-9ADF-4EBF-9E7F-AA60E75D839B}.Release|Any CPU.ActiveCfg = Release|Any CPU
		{79249C74-9ADF-4EBF-9E7F-AA60E75D839B}.Release|Any CPU.Build.0 = Release|Any CPU
	EndGlobalSection
	GlobalSection(SolutionProperties) = preSolution
		HideSolutionNode = FALSE
	EndGlobalSection
	GlobalSection(ExtensibilityGlobals) = postSolution
		SolutionGuid = {D4A425D0-E0BC-4252-9654-0F407C115E98}
	EndGlobalSection
EndGlobal
